
Microsoft Visual Studio Solution File, Format Version 12.00
# Visual Studio Version 17
VisualStudioVersion = 17.9.34902.65
MinimumVisualStudioVersion = 10.0.40219.1
Project("{2150E333-8FDC-42A3-9474-1A3956D46DE8}") = "src", "src", "{609C6896-4136-4983-B3AA-3FC21CB0EDC9}"
EndProject
Project("{2150E333-8FDC-42A3-9474-1A3956D46DE8}") = "Solution Items", "Solution Items", "{7F5CB684-9D3A-4B1B-ADEF-7E2DCFB8C749}"
	ProjectSection(SolutionItems) = preProject
		.editorconfig = .editorconfig
	EndProjectSection
EndProject
Project("{9A19103F-16F7-4668-BE54-9A1E7A4F7556}") = "EventBus", "src\EventBus\EventBus.csproj", "{6ECE927D-6460-466A-B626-47EFA332C6E1}"
EndProject
Project("{9A19103F-16F7-4668-BE54-9A1E7A4F7556}") = "EventBus.Redis", "src\EventBus.Redis\EventBus.Redis.csproj", "{2DC94A96-005C-4BE3-83A9-CFB864B703C8}"
EndProject
Project("{2150E333-8FDC-42A3-9474-1A3956D46DE8}") = "samples", "samples", "{9E0F0045-763C-4339-BE8C-1FE9E3B36EA0}"
EndProject
Project("{9A19103F-16F7-4668-BE54-9A1E7A4F7556}") = "RedisEventBus.Test", "samples\RedisEventBus.Test\RedisEventBus.Test.csproj", "{B5712855-F52B-44E7-9D7E-8AD034FC0AEC}"
EndProject
Project("{9A19103F-16F7-4668-BE54-9A1E7A4F7556}") = "EventBus.RabbitMQ", "src\EventBus.RabbitMQ\EventBus.RabbitMQ.csproj", "{850B6F4D-293F-4B91-A0E2-9502C1280F5F}"
EndProject
Project("{9A19103F-16F7-4668-BE54-9A1E7A4F7556}") = "RabbitMQEventBus.Test", "samples\RabbitMQEventBus.Test\RabbitMQEventBus.Test.csproj", "{976CB927-8C29-4D8A-8FB2-7658FDC5396A}"
EndProject
Project("{9A19103F-16F7-4668-BE54-9A1E7A4F7556}") = "Shared.Test", "samples\Shared.Test\Shared.Test.csproj", "{EAD80393-0699-4C9F-B39D-6562EB033B0F}"
EndProject
Project("{FAE04EC0-301F-11D3-BF4B-00C04F79EFBC}") = "EventBus.Kafka", "src\EventBus.Kafka\EventBus.Kafka.csproj", "{3DB0E4FA-95CC-4F99-9171-DA2FDA72C07D}"
EndProject
Project("{FAE04EC0-301F-11D3-BF4B-00C04F79EFBC}") = "KafkaEventBus.Test", "samples\KafkaEventBus.Test\KafkaEventBus.Test.csproj", "{631B72E3-1E41-42C6-A220-0F9C0D056C7D}"
EndProject
Global
	GlobalSection(SolutionConfigurationPlatforms) = preSolution
		Debug|Any CPU = Debug|Any CPU
		Release|Any CPU = Release|Any CPU
	EndGlobalSection
	GlobalSection(ProjectConfigurationPlatforms) = postSolution
		{6ECE927D-6460-466A-B626-47EFA332C6E1}.Debug|Any CPU.ActiveCfg = Debug|Any CPU
		{6ECE927D-6460-466A-B626-47EFA332C6E1}.Debug|Any CPU.Build.0 = Debug|Any CPU
		{6ECE927D-6460-466A-B626-47EFA332C6E1}.Release|Any CPU.ActiveCfg = Release|Any CPU
		{6ECE927D-6460-466A-B626-47EFA332C6E1}.Release|Any CPU.Build.0 = Release|Any CPU
		{2DC94A96-005C-4BE3-83A9-CFB864B703C8}.Debug|Any CPU.ActiveCfg = Debug|Any CPU
		{2DC94A96-005C-4BE3-83A9-CFB864B703C8}.Debug|Any CPU.Build.0 = Debug|Any CPU
		{2DC94A96-005C-4BE3-83A9-CFB864B703C8}.Release|Any CPU.ActiveCfg = Release|Any CPU
		{2DC94A96-005C-4BE3-83A9-CFB864B703C8}.Release|Any CPU.Build.0 = Release|Any CPU
		{B5712855-F52B-44E7-9D7E-8AD034FC0AEC}.Debug|Any CPU.ActiveCfg = Debug|Any CPU
		{B5712855-F52B-44E7-9D7E-8AD034FC0AEC}.Debug|Any CPU.Build.0 = Debug|Any CPU
		{B5712855-F52B-44E7-9D7E-8AD034FC0AEC}.Release|Any CPU.ActiveCfg = Release|Any CPU
		{B5712855-F52B-44E7-9D7E-8AD034FC0AEC}.Release|Any CPU.Build.0 = Release|Any CPU
		{850B6F4D-293F-4B91-A0E2-9502C1280F5F}.Debug|Any CPU.ActiveCfg = Debug|Any CPU
		{850B6F4D-293F-4B91-A0E2-9502C1280F5F}.Debug|Any CPU.Build.0 = Debug|Any CPU
		{850B6F4D-293F-4B91-A0E2-9502C1280F5F}.Release|Any CPU.ActiveCfg = Release|Any CPU
		{850B6F4D-293F-4B91-A0E2-9502C1280F5F}.Release|Any CPU.Build.0 = Release|Any CPU
		{976CB927-8C29-4D8A-8FB2-7658FDC5396A}.Debug|Any CPU.ActiveCfg = Debug|Any CPU
		{976CB927-8C29-4D8A-8FB2-7658FDC5396A}.Debug|Any CPU.Build.0 = Debug|Any CPU
		{976CB927-8C29-4D8A-8FB2-7658FDC5396A}.Release|Any CPU.ActiveCfg = Release|Any CPU
		{976CB927-8C29-4D8A-8FB2-7658FDC5396A}.Release|Any CPU.Build.0 = Release|Any CPU
		{EAD80393-0699-4C9F-B39D-6562EB033B0F}.Debug|Any CPU.ActiveCfg = Debug|Any CPU
		{EAD80393-0699-4C9F-B39D-6562EB033B0F}.Debug|Any CPU.Build.0 = Debug|Any CPU
		{EAD80393-0699-4C9F-B39D-6562EB033B0F}.Release|Any CPU.ActiveCfg = Release|Any CPU
		{EAD80393-0699-4C9F-B39D-6562EB033B0F}.Release|Any CPU.Build.0 = Release|Any CPU
		{3DB0E4FA-95CC-4F99-9171-DA2FDA72C07D}.Debug|Any CPU.ActiveCfg = Debug|Any CPU
		{3DB0E4FA-95CC-4F99-9171-DA2FDA72C07D}.Debug|Any CPU.Build.0 = Debug|Any CPU
		{3DB0E4FA-95CC-4F99-9171-DA2FDA72C07D}.Release|Any CPU.ActiveCfg = Release|Any CPU
		{3DB0E4FA-95CC-4F99-9171-DA2FDA72C07D}.Release|Any CPU.Build.0 = Release|Any CPU
		{631B72E3-1E41-42C6-A220-0F9C0D056C7D}.Debug|Any CPU.ActiveCfg = Debug|Any CPU
		{631B72E3-1E41-42C6-A220-0F9C0D056C7D}.Debug|Any CPU.Build.0 = Debug|Any CPU
		{631B72E3-1E41-42C6-A220-0F9C0D056C7D}.Release|Any CPU.ActiveCfg = Release|Any CPU
		{631B72E3-1E41-42C6-A220-0F9C0D056C7D}.Release|Any CPU.Build.0 = Release|Any CPU
	EndGlobalSection
	GlobalSection(SolutionProperties) = preSolution
		HideSolutionNode = FALSE
	EndGlobalSection
	GlobalSection(NestedProjects) = preSolution
		{6ECE927D-6460-466A-B626-47EFA332C6E1} = {609C6896-4136-4983-B3AA-3FC21CB0EDC9}
		{2DC94A96-005C-4BE3-83A9-CFB864B703C8} = {609C6896-4136-4983-B3AA-3FC21CB0EDC9}
		{B5712855-F52B-44E7-9D7E-8AD034FC0AEC} = {9E0F0045-763C-4339-BE8C-1FE9E3B36EA0}
		{850B6F4D-293F-4B91-A0E2-9502C1280F5F} = {609C6896-4136-4983-B3AA-3FC21CB0EDC9}
		{976CB927-8C29-4D8A-8FB2-7658FDC5396A} = {9E0F0045-763C-4339-BE8C-1FE9E3B36EA0}
		{EAD80393-0699-4C9F-B39D-6562EB033B0F} = {9E0F0045-763C-4339-BE8C-1FE9E3B36EA0}
		{3DB0E4FA-95CC-4F99-9171-DA2FDA72C07D} = {609C6896-4136-4983-B3AA-3FC21CB0EDC9}
		{631B72E3-1E41-42C6-A220-0F9C0D056C7D} = {9E0F0045-763C-4339-BE8C-1FE9E3B36EA0}
	EndGlobalSection
	GlobalSection(ExtensibilityGlobals) = postSolution
		SolutionGuid = {973D8FC4-EA36-46C8-A504-DA335C5CBA2C}
	EndGlobalSection
EndGlobal
